<Solution>
  <Configurations>
    <Platform Name="Any CPU" />
    <Platform Name="arm64" />
    <Platform Name="x86" />
  </Configurations>
  <Folder Name="/src/">
    <Project Path="src/gruber-darker-theme.csproj" Id="ce2c3040-574d-486e-bd24-2f98fb725702">
      <Platform Solution="*|arm64" Project="arm64" />
      <Platform Solution="*|x86" Project="x86" />
    </Project>
  </Folder>
</Solution>
